
Microsoft Visual Studio Solution File, Format Version 12.00
# Visual Studio 15
VisualStudioVersion = 15.0.26730.16
MinimumVisualStudioVersion = 10.0.40219.1
Project("{F2A71F9B-5D33-465A-A702-920D77279786}") = "AdventOfCode2017", "AdventOfCode2017\AdventOfCode2017.fsproj", "{AD8826F1-4100-4A9C-A29D-7A4B0601E48C}"
EndProject
Global
	GlobalSection(SolutionConfigurationPlatforms) = preSolution
		Debug|Any CPU = Debug|Any CPU
		Release|Any CPU = Release|Any CPU
	EndGlobalSection
	GlobalSection(ProjectConfigurationPlatforms) = postSolution
		{AD8826F1-4100-4A9C-A29D-7A4B0601E48C}.Debug|Any CPU.ActiveCfg = Debug|Any CPU
		{AD8826F1-4100-4A9C-A29D-7A4B0601E48C}.Debug|Any CPU.Build.0 = Debug|Any CPU
		{AD8826F1-4100-4A9C-A29D-7A4B0601E48C}.Release|Any CPU.ActiveCfg = Release|Any CPU
		{AD8826F1-4100-4A9C-A29D-7A4B0601E48C}.Release|Any CPU.Build.0 = Release|Any CPU
	EndGlobalSection
	GlobalSection(SolutionProperties) = preSolution
		HideSolutionNode = FALSE
	EndGlobalSection
	GlobalSection(ExtensibilityGlobals) = postSolution
		SolutionGuid = {E3DB7B22-0E30-431E-9AA4-06C6E8459F3A}
	EndGlobalSection
EndGlobal
